// !$*UTF8*$!
{
	archiveVersion = 1;
	classes = {
	};
	objectVersion = 46;
	objects = {

/* Begin PBXBuildFile section */
		97E280ED1B24A92600AC766F /* main.c in Sources */ = {isa = PBXBuildFile; fileRef = 97E280EC1B24A92600AC766F /* main.c */; };
		97E280F51B24A94B00AC766F /* swapIntegers.c in Sources */ = {isa = PBXBuildFile; fileRef = 97E280F31B24A94B00AC766F /* swapIntegers.c */; };
		97E280F81B24AB2E00AC766F /* genericSwap.c in Sources */ = {isa = PBXBuildFile; fileRef = 97E280F61B24AB2E00AC766F /* genericSwap.c */; };
/* End PBXBuildFile section */

/* Begin PBXCopyFilesBuildPhase section */
		97E280E71B24A92600AC766F /* CopyFiles */ = {
			isa = PBXCopyFilesBuildPhase;
			buildActionMask = 2147483647;
			dstPath = /usr/share/man/man1/;
			dstSubfolderSpec = 0;
			files = (
			);
			runOnlyForDeploymentPostprocessing = 1;
		};
/* End PBXCopyFilesBuildPhase section */

/* Begin PBXFileReference section */
		97E280E91B24A92600AC766F /* swapper */ = {isa = PBXFileReference; explicitFileType = "compiled.mach-o.executable"; includeInIndex = 0; path = swapper; sourceTree = BUILT_PRODUCTS_DIR; };
		97E280EC1B24A92600AC766F /* main.c */ = {isa = PBXFileReference; lastKnownFileType = sourcecode.c.c; path = main.c; sourceTree = "<group>"; };
		97E280F31B24A94B00AC766F /* swapIntegers.c */ = {isa = PBXFileReference; fileEncoding = 4; lastKnownFileType = sourcecode.c.c; path = swapIntegers.c; sourceTree = "<group>"; };
		97E280F41B24A94B00AC766F /* swapIntegers.h */ = {isa = PBXFileReference; fileEncoding = 4; lastKnownFileType = sourcecode.c.h; path = swapIntegers.h; sourceTree = "<group>"; };
		97E280F61B24AB2E00AC766F /* genericSwap.c */ = {isa = PBXFileReference; fileEncoding = 4; lastKnownFileType = sourcecode.c.c; path = genericSwap.c; sourceTree = "<group>"; };
		97E280F71B24AB2E00AC766F /* genericSwap.h */ = {isa = PBXFileReference; fileEncoding = 4; lastKnownFileType = sourcecode.c.h; path = genericSwap.h; sourceTree = "<group>"; };
/* End PBXFileReference section */

/* Begin PBXFrameworksBuildPhase section */
		97E280E61B24A92600AC766F /* Frameworks */ = {
			isa = PBXFrameworksBuildPhase;
			buildActionMask = 2147483647;
			files = (
			);
			runOnlyForDeploymentPostprocessing = 0;
		};
/* End PBXFrameworksBuildPhase section */

/* Begin PBXGroup section */
		97E280E01B24A92600AC766F = {
			isa = PBXGroup;
			children = (
				97E280EB1B24A92600AC766F /* swapper */,
				97E280EA1B24A92600AC766F /* Products */,
			);
			sourceTree = "<group>";
		};
		97E280EA1B24A92600AC766F /* Products */ = {
			isa = PBXGroup;
			children = (
				97E280E91B24A92600AC766F /* swapper */,
			);
			name = Products;
			sourceTree = "<group>";
		};
		97E280EB1B24A92600AC766F /* swapper */ = {
			isa = PBXGroup;
			children = (
				97E280EC1B24A92600AC766F /* main.c */,
				97E280F61B24AB2E00AC766F /* genericSwap.c */,
				97E280F71B24AB2E00AC766F /* genericSwap.h */,
				97E280F31B24A94B00AC766F /* swapIntegers.c */,
				97E280F41B24A94B00AC766F /* swapIntegers.h */,
			);
			path = swapper;
			sourceTree = "<group>";
		};
/* End PBXGroup section */

/* Begin PBXNativeTarget section */
		97E280E81B24A92600AC766F /* swapper */ = {
			isa = PBXNativeTarget;
			buildConfigurationList = 97E280F01B24A92600AC766F /* Build configuration list for PBXNativeTarget "swapper" */;
			buildPhases = (
				97E280E51B24A92600AC766F /* Sources */,
				97E280E61B24A92600AC766F /* Frameworks */,
				97E280E71B24A92600AC766F /* CopyFiles */,
			);
			buildRules = (
			);
			dependencies = (
			);
			name = swapper;
			productName = swapper;
			productReference = 97E280E91B24A92600AC766F /* swapper */;
			productType = "com.apple.product-type.tool";
		};
/* End PBXNativeTarget section */

/* Begin PBXProject section */
		97E280E11B24A92600AC766F /* Project object */ = {
			isa = PBXProject;
			attributes = {
				LastUpgradeCheck = 0630;
				ORGANIZATIONNAME = "Fitsum Teklehaimanot";
				TargetAttributes = {
					97E280E81B24A92600AC766F = {
						CreatedOnToolsVersion = 6.3.2;
					};
				};
			};
			buildConfigurationList = 97E280E41B24A92600AC766F /* Build configuration list for PBXProject "swapper" */;
			compatibilityVersion = "Xcode 3.2";
			developmentRegion = English;
			hasScannedForEncodings = 0;
			knownRegions = (
				en,
			);
			mainGroup = 97E280E01B24A92600AC766F;
			productRefGroup = 97E280EA1B24A92600AC766F /* Products */;
			projectDirPath = "";
			projectRoot = "";
			targets = (
				97E280E81B24A92600AC766F /* swapper */,
			);
		};
/* End PBXProject section */

/* Begin PBXSourcesBuildPhase section */
		97E280E51B24A92600AC766F /* Sources */ = {
			isa = PBXSourcesBuildPhase;
			buildActionMask = 2147483647;
			files = (
				97E280ED1B24A92600AC766F /* main.c in Sources */,
				97E280F81B24AB2E00AC766F /* genericSwap.c in Sources */,
				97E280F51B24A94B00AC766F /* swapIntegers.c in Sources */,
			);
			runOnlyForDeploymentPostprocessing = 0;
		};
/* End PBXSourcesBuildPhase section */

/* Begin XCBuildConfiguration section */
		97E280EE1B24A92600AC766F /* Debug */ = {
			isa = XCBuildConfiguration;
			buildSettings = {
				ALWAYS_SEARCH_USER_PATHS = NO;
				CLANG_CXX_LANGUAGE_STANDARD = "gnu++0x";
				CLANG_CXX_LIBRARY = "libc++";
				CLANG_ENABLE_MODULES = YES;
				CLANG_ENABLE_OBJC_ARC = YES;
				CLANG_WARN_BOOL_CONVERSION = YES;
				CLANG_WARN_CONSTANT_CONVERSION = YES;
				CLANG_WARN_DIRECT_OBJC_ISA_USAGE = YES_ERROR;
				CLANG_WARN_EMPTY_BODY = YES;
				CLANG_WARN_ENUM_CONVERSION = YES;
				CLANG_WARN_INT_CONVERSION = YES;
				CLANG_WARN_OBJC_ROOT_CLASS = YES_ERROR;
				CLANG_WARN_UNREACHABLE_CODE = YES;
				CLANG_WARN__DUPLICATE_METHOD_MATCH = YES;
				COPY_PHASE_STRIP = NO;
				DEBUG_INFORMATION_FORMAT = dwarf;
				ENABLE_STRICT_OBJC_MSGSEND = YES;
				GCC_C_LANGUAGE_STANDARD = gnu99;
				GCC_DYNAMIC_NO_PIC = NO;
				GCC_NO_COMMON_BLOCKS = YES;
				GCC_OPTIMIZATION_LEVEL = 0;
				GCC_PREPROCESSOR_DEFINITIONS = (
					"DEBUG=1",
					"$(inherited)",
				);
				GCC_SYMBOLS_PRIVATE_EXTERN = NO;
				GCC_WARN_64_TO_32_BIT_CONVERSION = YES;
				GCC_WARN_ABOUT_RETURN_TYPE = YES_ERROR;
				GCC_WARN_UNDECLARED_SELECTOR = YES;
				GCC_WARN_UNINITIALIZED_AUTOS = YES_AGGRESSIVE;
				GCC_WARN_UNUSED_FUNCTION = YES;
				GCC_WARN_UNUSED_VARIABLE = YES;
				MACOSX_DEPLOYMENT_TARGET = 10.10;
				MTL_ENABLE_DEBUG_INFO = YES;
				ONLY_ACTIVE_ARCH = YES;
				SDKROOT = macosx;
			};
			name = Debug;
		};
		97E280EF1B24A92600AC766F /* Release */ = {
			isa = XCBuildConfiguration;
			buildSettings = {
				ALWAYS_SEARCH_USER_PATHS = NO;
				CLANG_CXX_LANGUAGE_STANDARD = "gnu++0x";
				CLANG_CXX_LIBRARY = "libc++";
				CLANG_ENABLE_MODULES = YES;
				CLANG_ENABLE_OBJC_ARC = YES;
				CLANG_WARN_BOOL_CONVERSION = YES;
				CLANG_WARN_CONSTANT_CONVERSION = YES;
				CLANG_WARN_DIRECT_OBJC_ISA_USAGE = YES_ERROR;
				CLANG_WARN_EMPTY_BODY = YES;
				CLANG_WARN_ENUM_CONVERSION = YES;
				CLANG_WARN_INT_CONVERSION = YES;
				CLANG_WARN_OBJC_ROOT_CLASS = YES_ERROR;
				CLANG_WARN_UNREACHABLE_CODE = YES;
				CLANG_WARN__DUPLICATE_METHOD_MATCH = YES;
				COPY_PHASE_STRIP = NO;
				DEBUG_INFORMATION_FORMAT = "dwarf-with-dsym";
				ENABLE_NS_ASSERTIONS = NO;
				ENABLE_STRICT_OBJC_MSGSEND = YES;
				GCC_C_LANGUAGE_STANDARD = gnu99;
				GCC_NO_COMMON_BLOCKS = YES;
				GCC_WARN_64_TO_32_BIT_CONVERSION = YES;
				GCC_WARN_ABOUT_RETURN_TYPE = YES_ERROR;
				GCC_WARN_UNDECLARED_SELECTOR = YES;
				GCC_WARN_UNINITIALIZED_AUTOS = YES_AGGRESSIVE;
				GCC_WARN_UNUSED_FUNCTION = YES;
				GCC_WARN_UNUSED_VARIABLE = YES;
				MACOSX_DEPLOYMENT_TARGET = 10.10;
				MTL_ENABLE_DEBUG_INFO = NO;
				SDKROOT = macosx;
			};
			name = Release;
		};
		97E280F11B24A92600AC766F /* Debug */ = {
			isa = XCBuildConfiguration;
			buildSettings = {
				PRODUCT_NAME = "$(TARGET_NAME)";
			};
			name = Debug;
		};
		97E280F21B24A92600AC766F /* Release */ = {
			isa = XCBuildConfiguration;
			buildSettings = {
				PRODUCT_NAME = "$(TARGET_NAME)";
			};
			name = Release;
		};
/* End XCBuildConfiguration section */

/* Begin XCConfigurationList section */
		97E280E41B24A92600AC766F /* Build configuration list for PBXProject "swapper" */ = {
			isa = XCConfigurationList;
			buildConfigurations = (
				97E280EE1B24A92600AC766F /* Debug */,
				97E280EF1B24A92600AC766F /* Release */,
			);
			defaultConfigurationIsVisible = 0;
			defaultConfigurationName = Release;
		};
		97E280F01B24A92600AC766F /* Build configuration list for PBXNativeTarget "swapper" */ = {
			isa = XCConfigurationList;
			buildConfigurations = (
				97E280F11B24A92600AC766F /* Debug */,
				97E280F21B24A92600AC766F /* Release */,
			);
			defaultConfigurationIsVisible = 0;
		};
/* End XCConfigurationList section */
	};
	rootObject = 97E280E11B24A92600AC766F /* Project object */;
}
